
Microsoft Visual Studio Solution File, Format Version 12.00
# Visual Studio Version 17
VisualStudioVersion = 17.11.35327.3
MinimumVisualStudioVersion = 10.0.40219.1
Project("{FAE04EC0-301F-11D3-BF4B-00C04F79EFBC}") = "GarbageCollect1", "GarbageCollect1\GarbageCollect1.csproj", "{1E6D535D-A981-417B-9DAB-3ADD5E6ADCEC}"
EndProject
Project("{FAE04EC0-301F-11D3-BF4B-00C04F79EFBC}") = "refTypes", "refTypes\refTypes.csproj", "{89C4090B-9BC4-4CC4-BB8B-C0472BD01261}"
EndProject
Global
	GlobalSection(SolutionConfigurationPlatforms) = preSolution
		Debug|Any CPU = Debug|Any CPU
		Release|Any CPU = Release|Any CPU
	EndGlobalSection
	GlobalSection(ProjectConfigurationPlatforms) = postSolution
		{1E6D535D-A981-417B-9DAB-3ADD5E6ADCEC}.Debug|Any CPU.ActiveCfg = Debug|Any CPU
		{1E6D535D-A981-417B-9DAB-3ADD5E6ADCEC}.Debug|Any CPU.Build.0 = Debug|Any CPU
		{1E6D535D-A981-417B-9DAB-3ADD5E6ADCEC}.Release|Any CPU.ActiveCfg = Release|Any CPU
		{1E6D535D-A981-417B-9DAB-3ADD5E6ADCEC}.Release|Any CPU.Build.0 = Release|Any CPU
		{89C4090B-9BC4-4CC4-BB8B-C0472BD01261}.Debug|Any CPU.ActiveCfg = Debug|Any CPU
		{89C4090B-9BC4-4CC4-BB8B-C0472BD01261}.Debug|Any CPU.Build.0 = Debug|Any CPU
		{89C4090B-9BC4-4CC4-BB8B-C0472BD01261}.Release|Any CPU.ActiveCfg = Release|Any CPU
		{89C4090B-9BC4-4CC4-BB8B-C0472BD01261}.Release|Any CPU.Build.0 = Release|Any CPU
	EndGlobalSection
	GlobalSection(SolutionProperties) = preSolution
		HideSolutionNode = FALSE
	EndGlobalSection
	GlobalSection(ExtensibilityGlobals) = postSolution
		SolutionGuid = {1DC4474A-83F9-403B-BD09-77F30C0A421F}
	EndGlobalSection
EndGlobal
