
Microsoft Visual Studio Solution File, Format Version 12.00
# Visual Studio Version 17
VisualStudioVersion = 17.11.35327.3
MinimumVisualStudioVersion = 10.0.40219.1
Project("{FAE04EC0-301F-11D3-BF4B-00C04F79EFBC}") = "SessionMVC", "SessionMVC\SessionMVC.csproj", "{661D961F-C795-4C29-BCD4-A7FB265DAC02}"
EndProject
Project("{2150E333-8FDC-42A3-9474-1A3956D46DE8}") = "Session", "Session", "{BB4043A9-76BB-4511-97E6-89F0BA80F785}"
EndProject
Project("{E53339B2-1760-4266-BCC7-CA923CBCF16C}") = "docker-compose", "docker-compose.dcproj", "{81DDED9D-158B-E303-5F62-77A2896D2A5A}"
EndProject
Project("{FAE04EC0-301F-11D3-BF4B-00C04F79EFBC}") = "Session.Domain", "Session.Domain\Session.Domain.csproj", "{579C15FB-6A9C-462B-B899-73897A973A1D}"
EndProject
Project("{FAE04EC0-301F-11D3-BF4B-00C04F79EFBC}") = "Session.Application", "Session.Application\Session.Application.csproj", "{12493662-E843-4F4A-A250-92D618E82640}"
EndProject
Project("{FAE04EC0-301F-11D3-BF4B-00C04F79EFBC}") = "Session.Persistence", "Session.Persistence\Session.Persistence.csproj", "{7417FFB4-B7BF-456E-A47A-25B7C8E64D17}"
EndProject
Project("{FAE04EC0-301F-11D3-BF4B-00C04F79EFBC}") = "Session.Services", "Session.Services\Session.Services.csproj", "{D5DE6449-9CD1-4F6B-94F0-B3135E76A48F}"
EndProject
Project("{FAE04EC0-301F-11D3-BF4B-00C04F79EFBC}") = "Session.UnitTests", "Session.UnitTests\Session.UnitTests.csproj", "{D1CF1DC5-B3F2-43AF-97F9-54A1C34B6EDC}"
EndProject
Project("{2150E333-8FDC-42A3-9474-1A3956D46DE8}") = "Solution Items", "Solution Items", "{8EC462FD-D22E-90A8-E5CE-7E832BA40C5D}"
	ProjectSection(SolutionItems) = preProject
		.gitlab-ci.yml = .gitlab-ci.yml
	EndProjectSection
EndProject
Global
	GlobalSection(SolutionConfigurationPlatforms) = preSolution
		Debug|Any CPU = Debug|Any CPU
		Release|Any CPU = Release|Any CPU
	EndGlobalSection
	GlobalSection(ProjectConfigurationPlatforms) = postSolution
		{661D961F-C795-4C29-BCD4-A7FB265DAC02}.Debug|Any CPU.ActiveCfg = Debug|Any CPU
		{661D961F-C795-4C29-BCD4-A7FB265DAC02}.Debug|Any CPU.Build.0 = Debug|Any CPU
		{661D961F-C795-4C29-BCD4-A7FB265DAC02}.Release|Any CPU.ActiveCfg = Release|Any CPU
		{661D961F-C795-4C29-BCD4-A7FB265DAC02}.Release|Any CPU.Build.0 = Release|Any CPU
		{81DDED9D-158B-E303-5F62-77A2896D2A5A}.Debug|Any CPU.ActiveCfg = Debug|Any CPU
		{81DDED9D-158B-E303-5F62-77A2896D2A5A}.Debug|Any CPU.Build.0 = Debug|Any CPU
		{81DDED9D-158B-E303-5F62-77A2896D2A5A}.Release|Any CPU.ActiveCfg = Release|Any CPU
		{81DDED9D-158B-E303-5F62-77A2896D2A5A}.Release|Any CPU.Build.0 = Release|Any CPU
		{579C15FB-6A9C-462B-B899-73897A973A1D}.Debug|Any CPU.ActiveCfg = Debug|Any CPU
		{579C15FB-6A9C-462B-B899-73897A973A1D}.Debug|Any CPU.Build.0 = Debug|Any CPU
		{579C15FB-6A9C-462B-B899-73897A973A1D}.Release|Any CPU.ActiveCfg = Release|Any CPU
		{579C15FB-6A9C-462B-B899-73897A973A1D}.Release|Any CPU.Build.0 = Release|Any CPU
		{12493662-E843-4F4A-A250-92D618E82640}.Debug|Any CPU.ActiveCfg = Debug|Any CPU
		{12493662-E843-4F4A-A250-92D618E82640}.Debug|Any CPU.Build.0 = Debug|Any CPU
		{12493662-E843-4F4A-A250-92D618E82640}.Release|Any CPU.ActiveCfg = Release|Any CPU
		{12493662-E843-4F4A-A250-92D618E82640}.Release|Any CPU.Build.0 = Release|Any CPU
		{7417FFB4-B7BF-456E-A47A-25B7C8E64D17}.Debug|Any CPU.ActiveCfg = Debug|Any CPU
		{7417FFB4-B7BF-456E-A47A-25B7C8E64D17}.Debug|Any CPU.Build.0 = Debug|Any CPU
		{7417FFB4-B7BF-456E-A47A-25B7C8E64D17}.Release|Any CPU.ActiveCfg = Release|Any CPU
		{7417FFB4-B7BF-456E-A47A-25B7C8E64D17}.Release|Any CPU.Build.0 = Release|Any CPU
		{D5DE6449-9CD1-4F6B-94F0-B3135E76A48F}.Debug|Any CPU.ActiveCfg = Debug|Any CPU
		{D5DE6449-9CD1-4F6B-94F0-B3135E76A48F}.Debug|Any CPU.Build.0 = Debug|Any CPU
		{D5DE6449-9CD1-4F6B-94F0-B3135E76A48F}.Release|Any CPU.ActiveCfg = Release|Any CPU
		{D5DE6449-9CD1-4F6B-94F0-B3135E76A48F}.Release|Any CPU.Build.0 = Release|Any CPU
		{D1CF1DC5-B3F2-43AF-97F9-54A1C34B6EDC}.Debug|Any CPU.ActiveCfg = Debug|Any CPU
		{D1CF1DC5-B3F2-43AF-97F9-54A1C34B6EDC}.Debug|Any CPU.Build.0 = Debug|Any CPU
		{D1CF1DC5-B3F2-43AF-97F9-54A1C34B6EDC}.Release|Any CPU.ActiveCfg = Release|Any CPU
		{D1CF1DC5-B3F2-43AF-97F9-54A1C34B6EDC}.Release|Any CPU.Build.0 = Release|Any CPU
	EndGlobalSection
	GlobalSection(SolutionProperties) = preSolution
		HideSolutionNode = FALSE
	EndGlobalSection
	GlobalSection(NestedProjects) = preSolution
		{661D961F-C795-4C29-BCD4-A7FB265DAC02} = {BB4043A9-76BB-4511-97E6-89F0BA80F785}
		{579C15FB-6A9C-462B-B899-73897A973A1D} = {BB4043A9-76BB-4511-97E6-89F0BA80F785}
		{12493662-E843-4F4A-A250-92D618E82640} = {BB4043A9-76BB-4511-97E6-89F0BA80F785}
		{7417FFB4-B7BF-456E-A47A-25B7C8E64D17} = {BB4043A9-76BB-4511-97E6-89F0BA80F785}
		{D5DE6449-9CD1-4F6B-94F0-B3135E76A48F} = {BB4043A9-76BB-4511-97E6-89F0BA80F785}
		{D1CF1DC5-B3F2-43AF-97F9-54A1C34B6EDC} = {BB4043A9-76BB-4511-97E6-89F0BA80F785}
	EndGlobalSection
	GlobalSection(ExtensibilityGlobals) = postSolution
		SolutionGuid = {1DC4474A-83F9-403B-BD09-77F30C0A421F}
	EndGlobalSection
EndGlobal
